
Microsoft Visual Studio Solution File, Format Version 12.00
# Visual Studio 15
VisualStudioVersion = 15.0.26730.15
MinimumVisualStudioVersion = 10.0.40219.1
Project("{FAE04EC0-301F-11D3-BF4B-00C04F79EFBC}") = "Koop", "Koop\Koop.csproj", "{CB2E2DD4-2B42-4FA0-9D56-FA6CABAEC8FF}"
EndProject
Project("{FAE04EC0-301F-11D3-BF4B-00C04F79EFBC}") = "Koop.Business", "Koop.Business\Koop.Business.csproj", "{0F65828B-4B53-416F-8ADB-46D5F2DF21C4}"
EndProject
Project("{FAE04EC0-301F-11D3-BF4B-00C04F79EFBC}") = "Koop.Data", "Koop.Data\Koop.Data.csproj", "{F5D072BF-3BDB-4272-8F7F-E9D10E6C46E6}"
EndProject
Project("{FAE04EC0-301F-11D3-BF4B-00C04F79EFBC}") = "Koop.DataDBSpecific", "Koop.Data\Koop.DataDBSpecific.csproj", "{07F5FF15-30FF-40CC-883A-83992ABE31D2}"
EndProject
Global
	GlobalSection(SolutionConfigurationPlatforms) = preSolution
		Debug|Any CPU = Debug|Any CPU
		Release|Any CPU = Release|Any CPU
	EndGlobalSection
	GlobalSection(ProjectConfigurationPlatforms) = postSolution
		{CB2E2DD4-2B42-4FA0-9D56-FA6CABAEC8FF}.Debug|Any CPU.ActiveCfg = Debug|Any CPU
		{CB2E2DD4-2B42-4FA0-9D56-FA6CABAEC8FF}.Debug|Any CPU.Build.0 = Debug|Any CPU
		{CB2E2DD4-2B42-4FA0-9D56-FA6CABAEC8FF}.Release|Any CPU.ActiveCfg = Release|Any CPU
		{CB2E2DD4-2B42-4FA0-9D56-FA6CABAEC8FF}.Release|Any CPU.Build.0 = Release|Any CPU
		{0F65828B-4B53-416F-8ADB-46D5F2DF21C4}.Debug|Any CPU.ActiveCfg = Debug|Any CPU
		{0F65828B-4B53-416F-8ADB-46D5F2DF21C4}.Debug|Any CPU.Build.0 = Debug|Any CPU
		{0F65828B-4B53-416F-8ADB-46D5F2DF21C4}.Release|Any CPU.ActiveCfg = Release|Any CPU
		{0F65828B-4B53-416F-8ADB-46D5F2DF21C4}.Release|Any CPU.Build.0 = Release|Any CPU
		{F5D072BF-3BDB-4272-8F7F-E9D10E6C46E6}.Debug|Any CPU.ActiveCfg = Debug|Any CPU
		{F5D072BF-3BDB-4272-8F7F-E9D10E6C46E6}.Debug|Any CPU.Build.0 = Debug|Any CPU
		{F5D072BF-3BDB-4272-8F7F-E9D10E6C46E6}.Release|Any CPU.ActiveCfg = Release|Any CPU
		{F5D072BF-3BDB-4272-8F7F-E9D10E6C46E6}.Release|Any CPU.Build.0 = Release|Any CPU
		{07F5FF15-30FF-40CC-883A-83992ABE31D2}.Debug|Any CPU.ActiveCfg = Debug|Any CPU
		{07F5FF15-30FF-40CC-883A-83992ABE31D2}.Debug|Any CPU.Build.0 = Debug|Any CPU
		{07F5FF15-30FF-40CC-883A-83992ABE31D2}.Release|Any CPU.ActiveCfg = Release|Any CPU
		{07F5FF15-30FF-40CC-883A-83992ABE31D2}.Release|Any CPU.Build.0 = Release|Any CPU
	EndGlobalSection
	GlobalSection(SolutionProperties) = preSolution
		HideSolutionNode = FALSE
	EndGlobalSection
	GlobalSection(ExtensibilityGlobals) = postSolution
		SolutionGuid = {23B657A8-DEFF-4646-9483-5D7EBF4036C5}
	EndGlobalSection
EndGlobal
